{
  "nodes": {
    "home-manager": {
      "inputs": {
        "nixpkgs": [
          "nixpkgs"
        ]
      },
      "locked": {
        "lastModified": 1790996401,
        "narHash": "sha256-f+kOxEmOUnQazVAmGg0i8hzwgd1kX/geY+k/Dpheye8=",
        "owner": "nix-community",
        "repo": "home-manager",
        "rev": "db7d5e2332710f5abb088f6b5de927d7f9511b35",
        "type": "github"
      },
      "original": {
        "owner": "nix-community",
        "ref": "release-26.05",
        "repo": "home-manager",
        "type": "github"
      }
    },
    "jes": {
      "inputs": {
        "nixpkgs": "nixpkgs",
        "nixpkgs-unstable": "nixpkgs-unstable"
      },
      "locked": {
        "lastModified": 1788503709,
        "narHash": "sha256-46Ot6PZx/ffscbSkQViHgSBgNY6vv5G+8Maqbh95o+I=",
        "owner": "AngelPwG",
        "repo": "just_enough_shell",
        "rev": "ebdd9042b0d589c853e06964adccc535c35ff463",
        "type": "github"
      },
      "original": {
        "owner": "AngelPwG",
        "repo": "just_enough_shell",
        "type": "github"
      }
    },
    "nixpkgs": {
      "locked": {
        "lastModified": 1788187754,
        "narHash": "sha256-bu1QxmXKmPuvBLN7bHP355OV9Qo13x9WCiRDH62CqRM=",
        "owner": "nixos",
        "repo": "nixpkgs",
        "rev": "5dfba6236110080a54247d6460bc2ff5dda939cc",
        "type": "github"
      },
      "original": {
        "owner": "nixos",
        "ref": "nixos-26.05",
        "repo": "nixpkgs",
        "type": "github"
      }
    },
    "nixpkgs-unstable": {
      "locked": {
        "lastModified": 1788179007,
        "narHash": "sha256-hn1oU2rue2SYK8dAr8+WNZWtbsz1S2W5mnHlSEuh3bo=",
        "owner": "nixos",
        "repo": "nixpkgs",
        "rev": "34ab99075ac4f7e40cf037eef32cb1c360bb85e9",
        "type": "github"
      },
      "original": {
        "owner": "nixos",
        "ref": "nixos-unstable",
        "repo": "nixpkgs",
        "type": "github"
      }
    },
    "nixpkgs_2": {
      "locked": {
        "lastModified": 1791048980,
        "narHash": "sha256-KgItSKML8Xvte0B7/uGnBDsYzSnnKHcOaiUbgWBXLXw=",
        "owner": "nixos",
        "repo": "nixpkgs",
        "rev": "a7868a727837f3c09cee2ce0ca671c76b1589fed",
        "type": "github"
      },
      "original": {
        "owner": "nixos",
        "ref": "nixos-unstable",
        "repo": "nixpkgs",
        "type": "github"
      }
    },
    "root": {
      "inputs": {
        "home-manager": "home-manager",
        "jes": "jes",
        "nixpkgs": "nixpkgs_2",
        "silentSDDM": "silentSDDM",
        "sung": "sung"
      }
    },
    "silentSDDM": {
      "inputs": {
        "nixpkgs": [
          "nixpkgs"
        ]
      },
      "locked": {
        "lastModified": 1790785664,
        "narHash": "sha256-TNGAElCnjIA4OzTtn0VuCk6pXKd92kBkz+5NjHLwbkM=",
        "owner": "uiriansan",
        "repo": "SilentSDDM",
        "rev": "d32ebc060ee0f832cf2a2ea4c91d96582d3f31ce",
        "type": "github"
      },
      "original": {
        "owner": "uiriansan",
        "repo": "SilentSDDM",
        "type": "github"
      }
    },
    "sung": {
      "inputs": {
        "nixpkgs": [
          "nixpkgs"
        ]
      },
      "locked": {
        "lastModified": 1789914316,
        "narHash": "sha256-LQr81u4iPJJFcmFK69p9IspgVwGw8Ocy/CvG5LrJl7w=",
        "owner": "surajklmn",
        "repo": "Sung",
        "rev": "0d244017456c022396faace58a8059230d8a9b1b",
        "type": "github"
      },
      "original": {
        "owner": "surajklmn",
        "ref": "nix-flake",
        "repo": "Sung",
        "type": "github"
      }
    }
  },
  "root": "root",
  "version": 7
}
